
Microsoft Visual Studio Solution File, Format Version 12.00
# Visual Studio 2013
VisualStudioVersion = 12.0.21005.1
MinimumVisualStudioVersion = 10.0.40219.1
Project("{FAE04EC0-301F-11D3-BF4B-00C04F79EFBC}") = "String", "String\String.csproj", "{4EA2E55C-2981-4B8D-9565-32A4115545C1}"
EndProject
Project("{FAE04EC0-301F-11D3-BF4B-00C04F79EFBC}") = "ToStringDemo", "ToStringDemo\ToStringDemo.csproj", "{BEA0501D-EF36-4965-9609-D105D469C63A}"
EndProject
Project("{FAE04EC0-301F-11D3-BF4B-00C04F79EFBC}") = "Equals", "Equals\Equals.csproj", "{2226273D-3305-4882-9F88-20303DC4E31D}"
EndProject
Project("{FAE04EC0-301F-11D3-BF4B-00C04F79EFBC}") = "StringBuilderDemo", "StringBuilder\StringBuilderDemo.csproj", "{17DED4A9-71ED-4CCB-8853-2251D0403B08}"
EndProject
Project("{FAE04EC0-301F-11D3-BF4B-00C04F79EFBC}") = "SearchInString", "SearchInString\SearchInString.csproj", "{2FABB30A-78F3-4CC7-834D-AFAAD9648782}"
EndProject
Project("{FAE04EC0-301F-11D3-BF4B-00C04F79EFBC}") = "Substring", "Substring\Substring.csproj", "{132755DA-99FE-4599-BF1E-C2663393B68F}"
EndProject
Project("{FAE04EC0-301F-11D3-BF4B-00C04F79EFBC}") = "Split", "Split\Split.csproj", "{57AD43BC-AA87-470D-BAE0-BA0096A7CE5D}"
EndProject
Project("{FAE04EC0-301F-11D3-BF4B-00C04F79EFBC}") = "ManipulateString", "ManipulateString\ManipulateString.csproj", "{5D986CCE-DC65-4A56-A0B8-9E86E0DA74BC}"
EndProject
Project("{FAE04EC0-301F-11D3-BF4B-00C04F79EFBC}") = "ReadFile", "ReadFile\ReadFile.csproj", "{9963976C-4332-4F61-B876-598C8E5C83D4}"
EndProject
Project("{FAE04EC0-301F-11D3-BF4B-00C04F79EFBC}") = "WriteFile", "WriteFile\WriteFile.csproj", "{48798E81-2E59-4EB3-9302-FECCA1FBCFFE}"
EndProject
Project("{FAE04EC0-301F-11D3-BF4B-00C04F79EFBC}") = "CountriesCities", "CountriesCities\CountriesCities.csproj", "{43E9F78C-DB88-43F8-B7BD-6E7F8EB813BA}"
EndProject
Global
	GlobalSection(SolutionConfigurationPlatforms) = preSolution
		Debug|Any CPU = Debug|Any CPU
		Release|Any CPU = Release|Any CPU
	EndGlobalSection
	GlobalSection(ProjectConfigurationPlatforms) = postSolution
		{4EA2E55C-2981-4B8D-9565-32A4115545C1}.Debug|Any CPU.ActiveCfg = Debug|Any CPU
		{4EA2E55C-2981-4B8D-9565-32A4115545C1}.Debug|Any CPU.Build.0 = Debug|Any CPU
		{4EA2E55C-2981-4B8D-9565-32A4115545C1}.Release|Any CPU.ActiveCfg = Release|Any CPU
		{4EA2E55C-2981-4B8D-9565-32A4115545C1}.Release|Any CPU.Build.0 = Release|Any CPU
		{BEA0501D-EF36-4965-9609-D105D469C63A}.Debug|Any CPU.ActiveCfg = Debug|Any CPU
		{BEA0501D-EF36-4965-9609-D105D469C63A}.Debug|Any CPU.Build.0 = Debug|Any CPU
		{BEA0501D-EF36-4965-9609-D105D469C63A}.Release|Any CPU.ActiveCfg = Release|Any CPU
		{BEA0501D-EF36-4965-9609-D105D469C63A}.Release|Any CPU.Build.0 = Release|Any CPU
		{2226273D-3305-4882-9F88-20303DC4E31D}.Debug|Any CPU.ActiveCfg = Debug|Any CPU
		{2226273D-3305-4882-9F88-20303DC4E31D}.Debug|Any CPU.Build.0 = Debug|Any CPU
		{2226273D-3305-4882-9F88-20303DC4E31D}.Release|Any CPU.ActiveCfg = Release|Any CPU
		{2226273D-3305-4882-9F88-20303DC4E31D}.Release|Any CPU.Build.0 = Release|Any CPU
		{17DED4A9-71ED-4CCB-8853-2251D0403B08}.Debug|Any CPU.ActiveCfg = Debug|Any CPU
		{17DED4A9-71ED-4CCB-8853-2251D0403B08}.Debug|Any CPU.Build.0 = Debug|Any CPU
		{17DED4A9-71ED-4CCB-8853-2251D0403B08}.Release|Any CPU.ActiveCfg = Release|Any CPU
		{17DED4A9-71ED-4CCB-8853-2251D0403B08}.Release|Any CPU.Build.0 = Release|Any CPU
		{2FABB30A-78F3-4CC7-834D-AFAAD9648782}.Debug|Any CPU.ActiveCfg = Debug|Any CPU
		{2FABB30A-78F3-4CC7-834D-AFAAD9648782}.Debug|Any CPU.Build.0 = Debug|Any CPU
		{2FABB30A-78F3-4CC7-834D-AFAAD9648782}.Release|Any CPU.ActiveCfg = Release|Any CPU
		{2FABB30A-78F3-4CC7-834D-AFAAD9648782}.Release|Any CPU.Build.0 = Release|Any CPU
		{132755DA-99FE-4599-BF1E-C2663393B68F}.Debug|Any CPU.ActiveCfg = Debug|Any CPU
		{132755DA-99FE-4599-BF1E-C2663393B68F}.Debug|Any CPU.Build.0 = Debug|Any CPU
		{132755DA-99FE-4599-BF1E-C2663393B68F}.Release|Any CPU.ActiveCfg = Release|Any CPU
		{132755DA-99FE-4599-BF1E-C2663393B68F}.Release|Any CPU.Build.0 = Release|Any CPU
		{57AD43BC-AA87-470D-BAE0-BA0096A7CE5D}.Debug|Any CPU.ActiveCfg = Debug|Any CPU
		{57AD43BC-AA87-470D-BAE0-BA0096A7CE5D}.Debug|Any CPU.Build.0 = Debug|Any CPU
		{57AD43BC-AA87-470D-BAE0-BA0096A7CE5D}.Release|Any CPU.ActiveCfg = Release|Any CPU
		{57AD43BC-AA87-470D-BAE0-BA0096A7CE5D}.Release|Any CPU.Build.0 = Release|Any CPU
		{5D986CCE-DC65-4A56-A0B8-9E86E0DA74BC}.Debug|Any CPU.ActiveCfg = Debug|Any CPU
		{5D986CCE-DC65-4A56-A0B8-9E86E0DA74BC}.Debug|Any CPU.Build.0 = Debug|Any CPU
		{5D986CCE-DC65-4A56-A0B8-9E86E0DA74BC}.Release|Any CPU.ActiveCfg = Release|Any CPU
		{5D986CCE-DC65-4A56-A0B8-9E86E0DA74BC}.Release|Any CPU.Build.0 = Release|Any CPU
		{9963976C-4332-4F61-B876-598C8E5C83D4}.Debug|Any CPU.ActiveCfg = Debug|Any CPU
		{9963976C-4332-4F61-B876-598C8E5C83D4}.Debug|Any CPU.Build.0 = Debug|Any CPU
		{9963976C-4332-4F61-B876-598C8E5C83D4}.Release|Any CPU.ActiveCfg = Release|Any CPU
		{9963976C-4332-4F61-B876-598C8E5C83D4}.Release|Any CPU.Build.0 = Release|Any CPU
		{48798E81-2E59-4EB3-9302-FECCA1FBCFFE}.Debug|Any CPU.ActiveCfg = Debug|Any CPU
		{48798E81-2E59-4EB3-9302-FECCA1FBCFFE}.Debug|Any CPU.Build.0 = Debug|Any CPU
		{48798E81-2E59-4EB3-9302-FECCA1FBCFFE}.Release|Any CPU.ActiveCfg = Release|Any CPU
		{48798E81-2E59-4EB3-9302-FECCA1FBCFFE}.Release|Any CPU.Build.0 = Release|Any CPU
		{43E9F78C-DB88-43F8-B7BD-6E7F8EB813BA}.Debug|Any CPU.ActiveCfg = Debug|Any CPU
		{43E9F78C-DB88-43F8-B7BD-6E7F8EB813BA}.Debug|Any CPU.Build.0 = Debug|Any CPU
		{43E9F78C-DB88-43F8-B7BD-6E7F8EB813BA}.Release|Any CPU.ActiveCfg = Release|Any CPU
		{43E9F78C-DB88-43F8-B7BD-6E7F8EB813BA}.Release|Any CPU.Build.0 = Release|Any CPU
	EndGlobalSection
	GlobalSection(SolutionProperties) = preSolution
		HideSolutionNode = FALSE
	EndGlobalSection
EndGlobal
