
Microsoft Visual Studio Solution File, Format Version 12.00
# Visual Studio 2013
VisualStudioVersion = 12.0.21005.1
MinimumVisualStudioVersion = 10.0.40219.1
Project("{FAE04EC0-301F-11D3-BF4B-00C04F79EFBC}") = "While", "While\While.csproj", "{8CA53D02-28E8-4ED8-A062-307460E9AB1B}"
EndProject
Project("{FAE04EC0-301F-11D3-BF4B-00C04F79EFBC}") = "DoWhile", "DoWhile\DoWhile.csproj", "{7FBE500C-5561-4405-A3D0-70EBBE070BF6}"
EndProject
Project("{FAE04EC0-301F-11D3-BF4B-00C04F79EFBC}") = "For", "For\For.csproj", "{A621A6A3-039C-4F2A-8A28-089733D9C807}"
EndProject
Project("{FAE04EC0-301F-11D3-BF4B-00C04F79EFBC}") = "Break", "Break\Break.csproj", "{2DDA41E0-D3CD-4A30-B720-EAE526CC7A52}"
EndProject
Project("{FAE04EC0-301F-11D3-BF4B-00C04F79EFBC}") = "SumOfNumbers", "SumOfNumbers\SumOfNumbers.csproj", "{6E2C10BE-0091-4275-BD21-8AC75FE538AA}"
EndProject
Project("{FAE04EC0-301F-11D3-BF4B-00C04F79EFBC}") = "Continue", "Continue\Continue.csproj", "{A32195A7-5A27-4756-BF37-CBCFEE012585}"
EndProject
Project("{FAE04EC0-301F-11D3-BF4B-00C04F79EFBC}") = "OneToHundred", "OneToHundred\OneToHundred.csproj", "{F09FDBB7-EEA2-4E80-9956-BFCF5D7BC0FB}"
EndProject
Project("{FAE04EC0-301F-11D3-BF4B-00C04F79EFBC}") = "Test", "Test\Test.csproj", "{FBE71D36-6BF3-4AB6-B69C-B1BCBC4CCEE4}"
EndProject
Global
	GlobalSection(SolutionConfigurationPlatforms) = preSolution
		Debug|Any CPU = Debug|Any CPU
		Release|Any CPU = Release|Any CPU
	EndGlobalSection
	GlobalSection(ProjectConfigurationPlatforms) = postSolution
		{8CA53D02-28E8-4ED8-A062-307460E9AB1B}.Debug|Any CPU.ActiveCfg = Debug|Any CPU
		{8CA53D02-28E8-4ED8-A062-307460E9AB1B}.Debug|Any CPU.Build.0 = Debug|Any CPU
		{8CA53D02-28E8-4ED8-A062-307460E9AB1B}.Release|Any CPU.ActiveCfg = Release|Any CPU
		{8CA53D02-28E8-4ED8-A062-307460E9AB1B}.Release|Any CPU.Build.0 = Release|Any CPU
		{7FBE500C-5561-4405-A3D0-70EBBE070BF6}.Debug|Any CPU.ActiveCfg = Debug|Any CPU
		{7FBE500C-5561-4405-A3D0-70EBBE070BF6}.Debug|Any CPU.Build.0 = Debug|Any CPU
		{7FBE500C-5561-4405-A3D0-70EBBE070BF6}.Release|Any CPU.ActiveCfg = Release|Any CPU
		{7FBE500C-5561-4405-A3D0-70EBBE070BF6}.Release|Any CPU.Build.0 = Release|Any CPU
		{A621A6A3-039C-4F2A-8A28-089733D9C807}.Debug|Any CPU.ActiveCfg = Debug|Any CPU
		{A621A6A3-039C-4F2A-8A28-089733D9C807}.Debug|Any CPU.Build.0 = Debug|Any CPU
		{A621A6A3-039C-4F2A-8A28-089733D9C807}.Release|Any CPU.ActiveCfg = Release|Any CPU
		{A621A6A3-039C-4F2A-8A28-089733D9C807}.Release|Any CPU.Build.0 = Release|Any CPU
		{2DDA41E0-D3CD-4A30-B720-EAE526CC7A52}.Debug|Any CPU.ActiveCfg = Debug|Any CPU
		{2DDA41E0-D3CD-4A30-B720-EAE526CC7A52}.Debug|Any CPU.Build.0 = Debug|Any CPU
		{2DDA41E0-D3CD-4A30-B720-EAE526CC7A52}.Release|Any CPU.ActiveCfg = Release|Any CPU
		{2DDA41E0-D3CD-4A30-B720-EAE526CC7A52}.Release|Any CPU.Build.0 = Release|Any CPU
		{6E2C10BE-0091-4275-BD21-8AC75FE538AA}.Debug|Any CPU.ActiveCfg = Debug|Any CPU
		{6E2C10BE-0091-4275-BD21-8AC75FE538AA}.Debug|Any CPU.Build.0 = Debug|Any CPU
		{6E2C10BE-0091-4275-BD21-8AC75FE538AA}.Release|Any CPU.ActiveCfg = Release|Any CPU
		{6E2C10BE-0091-4275-BD21-8AC75FE538AA}.Release|Any CPU.Build.0 = Release|Any CPU
		{A32195A7-5A27-4756-BF37-CBCFEE012585}.Debug|Any CPU.ActiveCfg = Debug|Any CPU
		{A32195A7-5A27-4756-BF37-CBCFEE012585}.Debug|Any CPU.Build.0 = Debug|Any CPU
		{A32195A7-5A27-4756-BF37-CBCFEE012585}.Release|Any CPU.ActiveCfg = Release|Any CPU
		{A32195A7-5A27-4756-BF37-CBCFEE012585}.Release|Any CPU.Build.0 = Release|Any CPU
		{F09FDBB7-EEA2-4E80-9956-BFCF5D7BC0FB}.Debug|Any CPU.ActiveCfg = Debug|Any CPU
		{F09FDBB7-EEA2-4E80-9956-BFCF5D7BC0FB}.Debug|Any CPU.Build.0 = Debug|Any CPU
		{F09FDBB7-EEA2-4E80-9956-BFCF5D7BC0FB}.Release|Any CPU.ActiveCfg = Release|Any CPU
		{F09FDBB7-EEA2-4E80-9956-BFCF5D7BC0FB}.Release|Any CPU.Build.0 = Release|Any CPU
		{FBE71D36-6BF3-4AB6-B69C-B1BCBC4CCEE4}.Debug|Any CPU.ActiveCfg = Debug|Any CPU
		{FBE71D36-6BF3-4AB6-B69C-B1BCBC4CCEE4}.Debug|Any CPU.Build.0 = Debug|Any CPU
		{FBE71D36-6BF3-4AB6-B69C-B1BCBC4CCEE4}.Release|Any CPU.ActiveCfg = Release|Any CPU
		{FBE71D36-6BF3-4AB6-B69C-B1BCBC4CCEE4}.Release|Any CPU.Build.0 = Release|Any CPU
	EndGlobalSection
	GlobalSection(SolutionProperties) = preSolution
		HideSolutionNode = FALSE
	EndGlobalSection
EndGlobal
