
Microsoft Visual Studio Solution File, Format Version 12.00
# Visual Studio 2013
VisualStudioVersion = 12.0.21005.1
MinimumVisualStudioVersion = 10.0.40219.1
Project("{FAE04EC0-301F-11D3-BF4B-00C04F79EFBC}") = "ArraysDemo", "ArraysDemo\ArraysDemo.csproj", "{B0AD4EC3-D9DA-4416-9A8C-C2B6DAA742BF}"
EndProject
Project("{FAE04EC0-301F-11D3-BF4B-00C04F79EFBC}") = "ForEach", "ForEach\ForEach.csproj", "{EFF3F61A-4EAD-4387-BE61-E3A418C13E39}"
EndProject
Project("{FAE04EC0-301F-11D3-BF4B-00C04F79EFBC}") = "SymetricArray", "SymetricArray\SymetricArray.csproj", "{B7DE1FAF-2987-41E3-B230-3D4A266E7713}"
EndProject
Project("{FAE04EC0-301F-11D3-BF4B-00C04F79EFBC}") = "ReverseArray", "ReverseArray\ReverseArray.csproj", "{3E876E65-A3DD-4586-9099-CA0E2A8B0594}"
EndProject
Project("{FAE04EC0-301F-11D3-BF4B-00C04F79EFBC}") = "CopyArray", "CopyArray\CopyArray.csproj", "{ECB5A529-EC82-44F7-81FC-AB58C72F90C8}"
EndProject
Global
	GlobalSection(SolutionConfigurationPlatforms) = preSolution
		Debug|Any CPU = Debug|Any CPU
		Release|Any CPU = Release|Any CPU
	EndGlobalSection
	GlobalSection(ProjectConfigurationPlatforms) = postSolution
		{B0AD4EC3-D9DA-4416-9A8C-C2B6DAA742BF}.Debug|Any CPU.ActiveCfg = Debug|Any CPU
		{B0AD4EC3-D9DA-4416-9A8C-C2B6DAA742BF}.Debug|Any CPU.Build.0 = Debug|Any CPU
		{B0AD4EC3-D9DA-4416-9A8C-C2B6DAA742BF}.Release|Any CPU.ActiveCfg = Release|Any CPU
		{B0AD4EC3-D9DA-4416-9A8C-C2B6DAA742BF}.Release|Any CPU.Build.0 = Release|Any CPU
		{EFF3F61A-4EAD-4387-BE61-E3A418C13E39}.Debug|Any CPU.ActiveCfg = Debug|Any CPU
		{EFF3F61A-4EAD-4387-BE61-E3A418C13E39}.Debug|Any CPU.Build.0 = Debug|Any CPU
		{EFF3F61A-4EAD-4387-BE61-E3A418C13E39}.Release|Any CPU.ActiveCfg = Release|Any CPU
		{EFF3F61A-4EAD-4387-BE61-E3A418C13E39}.Release|Any CPU.Build.0 = Release|Any CPU
		{B7DE1FAF-2987-41E3-B230-3D4A266E7713}.Debug|Any CPU.ActiveCfg = Debug|Any CPU
		{B7DE1FAF-2987-41E3-B230-3D4A266E7713}.Debug|Any CPU.Build.0 = Debug|Any CPU
		{B7DE1FAF-2987-41E3-B230-3D4A266E7713}.Release|Any CPU.ActiveCfg = Release|Any CPU
		{B7DE1FAF-2987-41E3-B230-3D4A266E7713}.Release|Any CPU.Build.0 = Release|Any CPU
		{3E876E65-A3DD-4586-9099-CA0E2A8B0594}.Debug|Any CPU.ActiveCfg = Debug|Any CPU
		{3E876E65-A3DD-4586-9099-CA0E2A8B0594}.Debug|Any CPU.Build.0 = Debug|Any CPU
		{3E876E65-A3DD-4586-9099-CA0E2A8B0594}.Release|Any CPU.ActiveCfg = Release|Any CPU
		{3E876E65-A3DD-4586-9099-CA0E2A8B0594}.Release|Any CPU.Build.0 = Release|Any CPU
		{ECB5A529-EC82-44F7-81FC-AB58C72F90C8}.Debug|Any CPU.ActiveCfg = Debug|Any CPU
		{ECB5A529-EC82-44F7-81FC-AB58C72F90C8}.Debug|Any CPU.Build.0 = Debug|Any CPU
		{ECB5A529-EC82-44F7-81FC-AB58C72F90C8}.Release|Any CPU.ActiveCfg = Release|Any CPU
		{ECB5A529-EC82-44F7-81FC-AB58C72F90C8}.Release|Any CPU.Build.0 = Release|Any CPU
	EndGlobalSection
	GlobalSection(SolutionProperties) = preSolution
		HideSolutionNode = FALSE
	EndGlobalSection
EndGlobal
