
Microsoft Visual Studio Solution File, Format Version 12.00
# Visual Studio 2013
VisualStudioVersion = 12.0.31101.0
MinimumVisualStudioVersion = 10.0.40219.1
Project("{FAE04EC0-301F-11D3-BF4B-00C04F79EFBC}") = "ArrayListExamples", "ArrayList\ArrayListExamples.csproj", "{B1EA23FE-26FF-4852-AA64-DFFBEE043AB4}"
EndProject
Project("{FAE04EC0-301F-11D3-BF4B-00C04F79EFBC}") = "StaticArrayList", "StaticArrayList\StaticArrayList.csproj", "{D304F7E9-5C19-4C40-AABC-3E56E55ADDDF}"
EndProject
Project("{FAE04EC0-301F-11D3-BF4B-00C04F79EFBC}") = "DynamicLinkedList", "DynamicLinkedList\DynamicLinkedList.csproj", "{4DE3D8BE-0F81-4636-A67D-E0E41F130AA2}"
EndProject
Project("{FAE04EC0-301F-11D3-BF4B-00C04F79EFBC}") = "GenericListExample", "GenericListExample\GenericListExample.csproj", "{2565D943-8849-42D8-BBF0-4715EC762925}"
EndProject
Project("{FAE04EC0-301F-11D3-BF4B-00C04F79EFBC}") = "StackExamples", "StackExamples\StackExamples.csproj", "{E10A3E70-2D36-43CC-8C65-1BC583F54E76}"
EndProject
Project("{FAE04EC0-301F-11D3-BF4B-00C04F79EFBC}") = "CorrectBrackets", "CorrectBrackets\CorrectBrackets.csproj", "{49DD599C-EE7F-4197-9203-DF19BA773413}"
EndProject
Project("{FAE04EC0-301F-11D3-BF4B-00C04F79EFBC}") = "QueueExample", "QueueExample\QueueExample.csproj", "{FBF55980-3D62-4337-BE27-31D19094B10F}"
EndProject
Global
	GlobalSection(SolutionConfigurationPlatforms) = preSolution
		Debug|Any CPU = Debug|Any CPU
		Release|Any CPU = Release|Any CPU
	EndGlobalSection
	GlobalSection(ProjectConfigurationPlatforms) = postSolution
		{B1EA23FE-26FF-4852-AA64-DFFBEE043AB4}.Debug|Any CPU.ActiveCfg = Debug|Any CPU
		{B1EA23FE-26FF-4852-AA64-DFFBEE043AB4}.Debug|Any CPU.Build.0 = Debug|Any CPU
		{B1EA23FE-26FF-4852-AA64-DFFBEE043AB4}.Release|Any CPU.ActiveCfg = Release|Any CPU
		{B1EA23FE-26FF-4852-AA64-DFFBEE043AB4}.Release|Any CPU.Build.0 = Release|Any CPU
		{D304F7E9-5C19-4C40-AABC-3E56E55ADDDF}.Debug|Any CPU.ActiveCfg = Debug|Any CPU
		{D304F7E9-5C19-4C40-AABC-3E56E55ADDDF}.Debug|Any CPU.Build.0 = Debug|Any CPU
		{D304F7E9-5C19-4C40-AABC-3E56E55ADDDF}.Release|Any CPU.ActiveCfg = Release|Any CPU
		{D304F7E9-5C19-4C40-AABC-3E56E55ADDDF}.Release|Any CPU.Build.0 = Release|Any CPU
		{4DE3D8BE-0F81-4636-A67D-E0E41F130AA2}.Debug|Any CPU.ActiveCfg = Debug|Any CPU
		{4DE3D8BE-0F81-4636-A67D-E0E41F130AA2}.Debug|Any CPU.Build.0 = Debug|Any CPU
		{4DE3D8BE-0F81-4636-A67D-E0E41F130AA2}.Release|Any CPU.ActiveCfg = Release|Any CPU
		{4DE3D8BE-0F81-4636-A67D-E0E41F130AA2}.Release|Any CPU.Build.0 = Release|Any CPU
		{2565D943-8849-42D8-BBF0-4715EC762925}.Debug|Any CPU.ActiveCfg = Debug|Any CPU
		{2565D943-8849-42D8-BBF0-4715EC762925}.Debug|Any CPU.Build.0 = Debug|Any CPU
		{2565D943-8849-42D8-BBF0-4715EC762925}.Release|Any CPU.ActiveCfg = Release|Any CPU
		{2565D943-8849-42D8-BBF0-4715EC762925}.Release|Any CPU.Build.0 = Release|Any CPU
		{E10A3E70-2D36-43CC-8C65-1BC583F54E76}.Debug|Any CPU.ActiveCfg = Debug|Any CPU
		{E10A3E70-2D36-43CC-8C65-1BC583F54E76}.Debug|Any CPU.Build.0 = Debug|Any CPU
		{E10A3E70-2D36-43CC-8C65-1BC583F54E76}.Release|Any CPU.ActiveCfg = Release|Any CPU
		{E10A3E70-2D36-43CC-8C65-1BC583F54E76}.Release|Any CPU.Build.0 = Release|Any CPU
		{49DD599C-EE7F-4197-9203-DF19BA773413}.Debug|Any CPU.ActiveCfg = Debug|Any CPU
		{49DD599C-EE7F-4197-9203-DF19BA773413}.Debug|Any CPU.Build.0 = Debug|Any CPU
		{49DD599C-EE7F-4197-9203-DF19BA773413}.Release|Any CPU.ActiveCfg = Release|Any CPU
		{49DD599C-EE7F-4197-9203-DF19BA773413}.Release|Any CPU.Build.0 = Release|Any CPU
		{FBF55980-3D62-4337-BE27-31D19094B10F}.Debug|Any CPU.ActiveCfg = Debug|Any CPU
		{FBF55980-3D62-4337-BE27-31D19094B10F}.Debug|Any CPU.Build.0 = Debug|Any CPU
		{FBF55980-3D62-4337-BE27-31D19094B10F}.Release|Any CPU.ActiveCfg = Release|Any CPU
		{FBF55980-3D62-4337-BE27-31D19094B10F}.Release|Any CPU.Build.0 = Release|Any CPU
	EndGlobalSection
	GlobalSection(SolutionProperties) = preSolution
		HideSolutionNode = FALSE
	EndGlobalSection
EndGlobal
