
Microsoft Visual Studio Solution File, Format Version 12.00
# Visual Studio 2013
VisualStudioVersion = 12.0.21005.1
MinimumVisualStudioVersion = 10.0.40219.1
Project("{FAE04EC0-301F-11D3-BF4B-00C04F79EFBC}") = "DictionaryExample", "DictionaryExample\DictionaryExample.csproj", "{562E140D-A423-4513-80A5-F5B97BC81E32}"
EndProject
Project("{FAE04EC0-301F-11D3-BF4B-00C04F79EFBC}") = "SortedDictionaryExample", "SortedDictionaryExample\SortedDictionaryExample.csproj", "{9E2DF8DD-4B5F-4EF0-B8A4-D77F715738B2}"
EndProject
Project("{FAE04EC0-301F-11D3-BF4B-00C04F79EFBC}") = "HashSetExample", "HashSetExample\HashSetExample.csproj", "{D62C7DD0-EBD2-4576-BDE1-E7E9513CBFCF}"
EndProject
Project("{FAE04EC0-301F-11D3-BF4B-00C04F79EFBC}") = "HashSetIntersecAndUnion", "HashSetIntersecAndUnion\HashSetIntersecAndUnion.csproj", "{2B79DE8F-452C-41D0-8164-21A616AE20E8}"
EndProject
Project("{FAE04EC0-301F-11D3-BF4B-00C04F79EFBC}") = "ThreeRowsOfNumbers", "ThreeRowsOfNumbers\ThreeRowsOfNumbers.csproj", "{57C15AC5-580A-4808-A403-E1DA0361807F}"
EndProject
Global
	GlobalSection(SolutionConfigurationPlatforms) = preSolution
		Debug|Any CPU = Debug|Any CPU
		Release|Any CPU = Release|Any CPU
	EndGlobalSection
	GlobalSection(ProjectConfigurationPlatforms) = postSolution
		{562E140D-A423-4513-80A5-F5B97BC81E32}.Debug|Any CPU.ActiveCfg = Debug|Any CPU
		{562E140D-A423-4513-80A5-F5B97BC81E32}.Debug|Any CPU.Build.0 = Debug|Any CPU
		{562E140D-A423-4513-80A5-F5B97BC81E32}.Release|Any CPU.ActiveCfg = Release|Any CPU
		{562E140D-A423-4513-80A5-F5B97BC81E32}.Release|Any CPU.Build.0 = Release|Any CPU
		{9E2DF8DD-4B5F-4EF0-B8A4-D77F715738B2}.Debug|Any CPU.ActiveCfg = Debug|Any CPU
		{9E2DF8DD-4B5F-4EF0-B8A4-D77F715738B2}.Debug|Any CPU.Build.0 = Debug|Any CPU
		{9E2DF8DD-4B5F-4EF0-B8A4-D77F715738B2}.Release|Any CPU.ActiveCfg = Release|Any CPU
		{9E2DF8DD-4B5F-4EF0-B8A4-D77F715738B2}.Release|Any CPU.Build.0 = Release|Any CPU
		{D62C7DD0-EBD2-4576-BDE1-E7E9513CBFCF}.Debug|Any CPU.ActiveCfg = Debug|Any CPU
		{D62C7DD0-EBD2-4576-BDE1-E7E9513CBFCF}.Debug|Any CPU.Build.0 = Debug|Any CPU
		{D62C7DD0-EBD2-4576-BDE1-E7E9513CBFCF}.Release|Any CPU.ActiveCfg = Release|Any CPU
		{D62C7DD0-EBD2-4576-BDE1-E7E9513CBFCF}.Release|Any CPU.Build.0 = Release|Any CPU
		{2B79DE8F-452C-41D0-8164-21A616AE20E8}.Debug|Any CPU.ActiveCfg = Debug|Any CPU
		{2B79DE8F-452C-41D0-8164-21A616AE20E8}.Debug|Any CPU.Build.0 = Debug|Any CPU
		{2B79DE8F-452C-41D0-8164-21A616AE20E8}.Release|Any CPU.ActiveCfg = Release|Any CPU
		{2B79DE8F-452C-41D0-8164-21A616AE20E8}.Release|Any CPU.Build.0 = Release|Any CPU
		{57C15AC5-580A-4808-A403-E1DA0361807F}.Debug|Any CPU.ActiveCfg = Debug|Any CPU
		{57C15AC5-580A-4808-A403-E1DA0361807F}.Debug|Any CPU.Build.0 = Debug|Any CPU
		{57C15AC5-580A-4808-A403-E1DA0361807F}.Release|Any CPU.ActiveCfg = Release|Any CPU
		{57C15AC5-580A-4808-A403-E1DA0361807F}.Release|Any CPU.Build.0 = Release|Any CPU
	EndGlobalSection
	GlobalSection(SolutionProperties) = preSolution
		HideSolutionNode = FALSE
	EndGlobalSection
EndGlobal
