
Microsoft Visual Studio Solution File, Format Version 12.00
# Visual Studio 14
VisualStudioVersion = 14.0.23107.0
MinimumVisualStudioVersion = 10.0.40219.1
Project("{FAE04EC0-301F-11D3-BF4B-00C04F79EFBC}") = "Inheritance", "Inheritance\Inheritance.csproj", "{BC7E30A6-5B84-4B31-8C93-40932C0AC499}"
EndProject
Project("{FAE04EC0-301F-11D3-BF4B-00C04F79EFBC}") = "Abstraction", "Abstraction\Abstraction.csproj", "{76BFABCC-C46B-4DA7-A00E-4F5C2E8C5505}"
EndProject
Project("{FAE04EC0-301F-11D3-BF4B-00C04F79EFBC}") = "AbstractionWithPolymorph", "AbstractionWithPolymorph\AbstractionWithPolymorph.csproj", "{A54E3E64-4910-4001-9BBB-3ED81F5EEA3A}"
EndProject
Project("{FAE04EC0-301F-11D3-BF4B-00C04F79EFBC}") = "VirtualMethods", "VirtualMethods\VirtualMethods.csproj", "{ACDF584F-96DB-4578-AD21-4A9BE7ADC9B6}"
EndProject
Project("{FAE04EC0-301F-11D3-BF4B-00C04F79EFBC}") = "AbstractClasses", "AbstractClasses\AbstractClasses.csproj", "{455BFB39-7E04-48B9-9A15-5A12EEB17603}"
EndProject
Project("{FAE04EC0-301F-11D3-BF4B-00C04F79EFBC}") = "CarsProject", "CarsProject\CarsProject.csproj", "{3A3541B5-696C-400A-9354-66A6C8D6D301}"
EndProject
Project("{FAE04EC0-301F-11D3-BF4B-00C04F79EFBC}") = "StaticsExample", "StaticsExample\StaticsExample.csproj", "{F705ED4A-6C50-4FF6-9276-02A2A3625A73}"
EndProject
Project("{FAE04EC0-301F-11D3-BF4B-00C04F79EFBC}") = "AutomobilesProject", "AutomobilesProject\AutomobilesProject.csproj", "{3FF5370C-769D-4350-AC5D-E5F577079FCB}"
EndProject
Project("{FAE04EC0-301F-11D3-BF4B-00C04F79EFBC}") = "ADogIsAnAnimal", "ADogIsAnAnimal\ADogIsAnAnimal.csproj", "{9383DE34-7C06-45C4-8D2D-5773ED259AD3}"
EndProject
Project("{FAE04EC0-301F-11D3-BF4B-00C04F79EFBC}") = "AbstractionWithShapes", "AbstractionWithShapes\AbstractionWithShapes.csproj", "{481546D5-D7B0-439B-9426-22CAE5073E5D}"
EndProject
Project("{FAE04EC0-301F-11D3-BF4B-00C04F79EFBC}") = "AbstractionWithInterfaces", "AbstractionWithInterfaces\AbstractionWithInterfaces.csproj", "{8BADD77C-371A-4B5D-87DC-42147F7F5CC6}"
EndProject
Project("{FAE04EC0-301F-11D3-BF4B-00C04F79EFBC}") = "CoffeMachineFunctionality", "CoffeMachineFunctionality\CoffeMachineFunctionality.csproj", "{92BCCD1E-1635-4541-A1C4-BF05382ADE43}"
EndProject
Global
	GlobalSection(SolutionConfigurationPlatforms) = preSolution
		Debug|Any CPU = Debug|Any CPU
		Release|Any CPU = Release|Any CPU
	EndGlobalSection
	GlobalSection(ProjectConfigurationPlatforms) = postSolution
		{BC7E30A6-5B84-4B31-8C93-40932C0AC499}.Debug|Any CPU.ActiveCfg = Debug|Any CPU
		{BC7E30A6-5B84-4B31-8C93-40932C0AC499}.Debug|Any CPU.Build.0 = Debug|Any CPU
		{BC7E30A6-5B84-4B31-8C93-40932C0AC499}.Release|Any CPU.ActiveCfg = Release|Any CPU
		{BC7E30A6-5B84-4B31-8C93-40932C0AC499}.Release|Any CPU.Build.0 = Release|Any CPU
		{76BFABCC-C46B-4DA7-A00E-4F5C2E8C5505}.Debug|Any CPU.ActiveCfg = Debug|Any CPU
		{76BFABCC-C46B-4DA7-A00E-4F5C2E8C5505}.Debug|Any CPU.Build.0 = Debug|Any CPU
		{76BFABCC-C46B-4DA7-A00E-4F5C2E8C5505}.Release|Any CPU.ActiveCfg = Release|Any CPU
		{76BFABCC-C46B-4DA7-A00E-4F5C2E8C5505}.Release|Any CPU.Build.0 = Release|Any CPU
		{A54E3E64-4910-4001-9BBB-3ED81F5EEA3A}.Debug|Any CPU.ActiveCfg = Debug|Any CPU
		{A54E3E64-4910-4001-9BBB-3ED81F5EEA3A}.Debug|Any CPU.Build.0 = Debug|Any CPU
		{A54E3E64-4910-4001-9BBB-3ED81F5EEA3A}.Release|Any CPU.ActiveCfg = Release|Any CPU
		{A54E3E64-4910-4001-9BBB-3ED81F5EEA3A}.Release|Any CPU.Build.0 = Release|Any CPU
		{ACDF584F-96DB-4578-AD21-4A9BE7ADC9B6}.Debug|Any CPU.ActiveCfg = Debug|Any CPU
		{ACDF584F-96DB-4578-AD21-4A9BE7ADC9B6}.Debug|Any CPU.Build.0 = Debug|Any CPU
		{ACDF584F-96DB-4578-AD21-4A9BE7ADC9B6}.Release|Any CPU.ActiveCfg = Release|Any CPU
		{ACDF584F-96DB-4578-AD21-4A9BE7ADC9B6}.Release|Any CPU.Build.0 = Release|Any CPU
		{455BFB39-7E04-48B9-9A15-5A12EEB17603}.Debug|Any CPU.ActiveCfg = Debug|Any CPU
		{455BFB39-7E04-48B9-9A15-5A12EEB17603}.Debug|Any CPU.Build.0 = Debug|Any CPU
		{455BFB39-7E04-48B9-9A15-5A12EEB17603}.Release|Any CPU.ActiveCfg = Release|Any CPU
		{455BFB39-7E04-48B9-9A15-5A12EEB17603}.Release|Any CPU.Build.0 = Release|Any CPU
		{3A3541B5-696C-400A-9354-66A6C8D6D301}.Debug|Any CPU.ActiveCfg = Debug|Any CPU
		{3A3541B5-696C-400A-9354-66A6C8D6D301}.Debug|Any CPU.Build.0 = Debug|Any CPU
		{3A3541B5-696C-400A-9354-66A6C8D6D301}.Release|Any CPU.ActiveCfg = Release|Any CPU
		{3A3541B5-696C-400A-9354-66A6C8D6D301}.Release|Any CPU.Build.0 = Release|Any CPU
		{F705ED4A-6C50-4FF6-9276-02A2A3625A73}.Debug|Any CPU.ActiveCfg = Debug|Any CPU
		{F705ED4A-6C50-4FF6-9276-02A2A3625A73}.Debug|Any CPU.Build.0 = Debug|Any CPU
		{F705ED4A-6C50-4FF6-9276-02A2A3625A73}.Release|Any CPU.ActiveCfg = Release|Any CPU
		{F705ED4A-6C50-4FF6-9276-02A2A3625A73}.Release|Any CPU.Build.0 = Release|Any CPU
		{3FF5370C-769D-4350-AC5D-E5F577079FCB}.Debug|Any CPU.ActiveCfg = Debug|Any CPU
		{3FF5370C-769D-4350-AC5D-E5F577079FCB}.Debug|Any CPU.Build.0 = Debug|Any CPU
		{3FF5370C-769D-4350-AC5D-E5F577079FCB}.Release|Any CPU.ActiveCfg = Release|Any CPU
		{3FF5370C-769D-4350-AC5D-E5F577079FCB}.Release|Any CPU.Build.0 = Release|Any CPU
		{9383DE34-7C06-45C4-8D2D-5773ED259AD3}.Debug|Any CPU.ActiveCfg = Debug|Any CPU
		{9383DE34-7C06-45C4-8D2D-5773ED259AD3}.Debug|Any CPU.Build.0 = Debug|Any CPU
		{9383DE34-7C06-45C4-8D2D-5773ED259AD3}.Release|Any CPU.ActiveCfg = Release|Any CPU
		{9383DE34-7C06-45C4-8D2D-5773ED259AD3}.Release|Any CPU.Build.0 = Release|Any CPU
		{481546D5-D7B0-439B-9426-22CAE5073E5D}.Debug|Any CPU.ActiveCfg = Debug|Any CPU
		{481546D5-D7B0-439B-9426-22CAE5073E5D}.Debug|Any CPU.Build.0 = Debug|Any CPU
		{481546D5-D7B0-439B-9426-22CAE5073E5D}.Release|Any CPU.ActiveCfg = Release|Any CPU
		{481546D5-D7B0-439B-9426-22CAE5073E5D}.Release|Any CPU.Build.0 = Release|Any CPU
		{8BADD77C-371A-4B5D-87DC-42147F7F5CC6}.Debug|Any CPU.ActiveCfg = Debug|Any CPU
		{8BADD77C-371A-4B5D-87DC-42147F7F5CC6}.Debug|Any CPU.Build.0 = Debug|Any CPU
		{8BADD77C-371A-4B5D-87DC-42147F7F5CC6}.Release|Any CPU.ActiveCfg = Release|Any CPU
		{8BADD77C-371A-4B5D-87DC-42147F7F5CC6}.Release|Any CPU.Build.0 = Release|Any CPU
		{92BCCD1E-1635-4541-A1C4-BF05382ADE43}.Debug|Any CPU.ActiveCfg = Debug|Any CPU
		{92BCCD1E-1635-4541-A1C4-BF05382ADE43}.Debug|Any CPU.Build.0 = Debug|Any CPU
		{92BCCD1E-1635-4541-A1C4-BF05382ADE43}.Release|Any CPU.ActiveCfg = Release|Any CPU
		{92BCCD1E-1635-4541-A1C4-BF05382ADE43}.Release|Any CPU.Build.0 = Release|Any CPU
	EndGlobalSection
	GlobalSection(SolutionProperties) = preSolution
		HideSolutionNode = FALSE
	EndGlobalSection
EndGlobal
