
Microsoft Visual Studio Solution File, Format Version 12.00
# Visual Studio 14
VisualStudioVersion = 14.0.23107.0
MinimumVisualStudioVersion = 10.0.40219.1
Project("{FAE04EC0-301F-11D3-BF4B-00C04F79EFBC}") = "Complexity", "Complexity\Complexity.csproj", "{FB5ED8F5-E24E-449E-9526-711CDB7E61D1}"
EndProject
Project("{FAE04EC0-301F-11D3-BF4B-00C04F79EFBC}") = "BinarySearchExample", "BinarySearchExample\BinarySearchExample.csproj", "{DCE0F12A-553E-40F3-854E-6B501CCB43A0}"
EndProject
Project("{FAE04EC0-301F-11D3-BF4B-00C04F79EFBC}") = "SelectionSort", "SelectionSort\SelectionSort.csproj", "{AEFB78F2-9533-4CC0-8827-D640CC76C1FB}"
EndProject
Project("{FAE04EC0-301F-11D3-BF4B-00C04F79EFBC}") = "QuickSort", "QuickSort\QuickSort.csproj", "{E5BE81FC-71EA-45FE-9B4A-A288730072DE}"
EndProject
Project("{FAE04EC0-301F-11D3-BF4B-00C04F79EFBC}") = "FindNextBiggerNumber", "FindNextBiggerNumber\FindNextBiggerNumber.csproj", "{062810AE-047A-4B8B-81D0-8F6D5139A7AC}"
EndProject
Project("{FAE04EC0-301F-11D3-BF4B-00C04F79EFBC}") = "BinarySearchRecursive", "BinarySearchRecursive\BinarySearchRecursive.csproj", "{F320B322-189E-4503-8B6C-1B88A5F00793}"
EndProject
Project("{FAE04EC0-301F-11D3-BF4B-00C04F79EFBC}") = "CompareSortingAlgorithms", "CompareSortingAlgorithms\CompareSortingAlgorithms.csproj", "{BF7BC53E-9E6C-4795-BBC6-016FFBBE98C5}"
EndProject
Global
	GlobalSection(SolutionConfigurationPlatforms) = preSolution
		Debug|Any CPU = Debug|Any CPU
		Debug|ARM = Debug|ARM
		Debug|x64 = Debug|x64
		Debug|x86 = Debug|x86
		Release|Any CPU = Release|Any CPU
		Release|ARM = Release|ARM
		Release|x64 = Release|x64
		Release|x86 = Release|x86
	EndGlobalSection
	GlobalSection(ProjectConfigurationPlatforms) = postSolution
		{FB5ED8F5-E24E-449E-9526-711CDB7E61D1}.Debug|Any CPU.ActiveCfg = Debug|Any CPU
		{FB5ED8F5-E24E-449E-9526-711CDB7E61D1}.Debug|Any CPU.Build.0 = Debug|Any CPU
		{FB5ED8F5-E24E-449E-9526-711CDB7E61D1}.Debug|ARM.ActiveCfg = Debug|Any CPU
		{FB5ED8F5-E24E-449E-9526-711CDB7E61D1}.Debug|x64.ActiveCfg = Debug|Any CPU
		{FB5ED8F5-E24E-449E-9526-711CDB7E61D1}.Debug|x86.ActiveCfg = Debug|Any CPU
		{FB5ED8F5-E24E-449E-9526-711CDB7E61D1}.Release|Any CPU.ActiveCfg = Release|Any CPU
		{FB5ED8F5-E24E-449E-9526-711CDB7E61D1}.Release|Any CPU.Build.0 = Release|Any CPU
		{FB5ED8F5-E24E-449E-9526-711CDB7E61D1}.Release|ARM.ActiveCfg = Release|Any CPU
		{FB5ED8F5-E24E-449E-9526-711CDB7E61D1}.Release|x64.ActiveCfg = Release|Any CPU
		{FB5ED8F5-E24E-449E-9526-711CDB7E61D1}.Release|x86.ActiveCfg = Release|Any CPU
		{DCE0F12A-553E-40F3-854E-6B501CCB43A0}.Debug|Any CPU.ActiveCfg = Debug|Any CPU
		{DCE0F12A-553E-40F3-854E-6B501CCB43A0}.Debug|Any CPU.Build.0 = Debug|Any CPU
		{DCE0F12A-553E-40F3-854E-6B501CCB43A0}.Debug|ARM.ActiveCfg = Debug|Any CPU
		{DCE0F12A-553E-40F3-854E-6B501CCB43A0}.Debug|x64.ActiveCfg = Debug|Any CPU
		{DCE0F12A-553E-40F3-854E-6B501CCB43A0}.Debug|x86.ActiveCfg = Debug|Any CPU
		{DCE0F12A-553E-40F3-854E-6B501CCB43A0}.Release|Any CPU.ActiveCfg = Release|Any CPU
		{DCE0F12A-553E-40F3-854E-6B501CCB43A0}.Release|Any CPU.Build.0 = Release|Any CPU
		{DCE0F12A-553E-40F3-854E-6B501CCB43A0}.Release|ARM.ActiveCfg = Release|Any CPU
		{DCE0F12A-553E-40F3-854E-6B501CCB43A0}.Release|x64.ActiveCfg = Release|Any CPU
		{DCE0F12A-553E-40F3-854E-6B501CCB43A0}.Release|x86.ActiveCfg = Release|Any CPU
		{AEFB78F2-9533-4CC0-8827-D640CC76C1FB}.Debug|Any CPU.ActiveCfg = Debug|Any CPU
		{AEFB78F2-9533-4CC0-8827-D640CC76C1FB}.Debug|Any CPU.Build.0 = Debug|Any CPU
		{AEFB78F2-9533-4CC0-8827-D640CC76C1FB}.Debug|ARM.ActiveCfg = Debug|Any CPU
		{AEFB78F2-9533-4CC0-8827-D640CC76C1FB}.Debug|x64.ActiveCfg = Debug|Any CPU
		{AEFB78F2-9533-4CC0-8827-D640CC76C1FB}.Debug|x86.ActiveCfg = Debug|Any CPU
		{AEFB78F2-9533-4CC0-8827-D640CC76C1FB}.Release|Any CPU.ActiveCfg = Release|Any CPU
		{AEFB78F2-9533-4CC0-8827-D640CC76C1FB}.Release|Any CPU.Build.0 = Release|Any CPU
		{AEFB78F2-9533-4CC0-8827-D640CC76C1FB}.Release|ARM.ActiveCfg = Release|Any CPU
		{AEFB78F2-9533-4CC0-8827-D640CC76C1FB}.Release|x64.ActiveCfg = Release|Any CPU
		{AEFB78F2-9533-4CC0-8827-D640CC76C1FB}.Release|x86.ActiveCfg = Release|Any CPU
		{E5BE81FC-71EA-45FE-9B4A-A288730072DE}.Debug|Any CPU.ActiveCfg = Debug|Any CPU
		{E5BE81FC-71EA-45FE-9B4A-A288730072DE}.Debug|Any CPU.Build.0 = Debug|Any CPU
		{E5BE81FC-71EA-45FE-9B4A-A288730072DE}.Debug|ARM.ActiveCfg = Debug|Any CPU
		{E5BE81FC-71EA-45FE-9B4A-A288730072DE}.Debug|x64.ActiveCfg = Debug|Any CPU
		{E5BE81FC-71EA-45FE-9B4A-A288730072DE}.Debug|x86.ActiveCfg = Debug|Any CPU
		{E5BE81FC-71EA-45FE-9B4A-A288730072DE}.Release|Any CPU.ActiveCfg = Release|Any CPU
		{E5BE81FC-71EA-45FE-9B4A-A288730072DE}.Release|Any CPU.Build.0 = Release|Any CPU
		{E5BE81FC-71EA-45FE-9B4A-A288730072DE}.Release|ARM.ActiveCfg = Release|Any CPU
		{E5BE81FC-71EA-45FE-9B4A-A288730072DE}.Release|x64.ActiveCfg = Release|Any CPU
		{E5BE81FC-71EA-45FE-9B4A-A288730072DE}.Release|x86.ActiveCfg = Release|Any CPU
		{062810AE-047A-4B8B-81D0-8F6D5139A7AC}.Debug|Any CPU.ActiveCfg = Debug|Any CPU
		{062810AE-047A-4B8B-81D0-8F6D5139A7AC}.Debug|Any CPU.Build.0 = Debug|Any CPU
		{062810AE-047A-4B8B-81D0-8F6D5139A7AC}.Debug|ARM.ActiveCfg = Debug|Any CPU
		{062810AE-047A-4B8B-81D0-8F6D5139A7AC}.Debug|x64.ActiveCfg = Debug|Any CPU
		{062810AE-047A-4B8B-81D0-8F6D5139A7AC}.Debug|x86.ActiveCfg = Debug|Any CPU
		{062810AE-047A-4B8B-81D0-8F6D5139A7AC}.Release|Any CPU.ActiveCfg = Release|Any CPU
		{062810AE-047A-4B8B-81D0-8F6D5139A7AC}.Release|Any CPU.Build.0 = Release|Any CPU
		{062810AE-047A-4B8B-81D0-8F6D5139A7AC}.Release|ARM.ActiveCfg = Release|Any CPU
		{062810AE-047A-4B8B-81D0-8F6D5139A7AC}.Release|x64.ActiveCfg = Release|Any CPU
		{062810AE-047A-4B8B-81D0-8F6D5139A7AC}.Release|x86.ActiveCfg = Release|Any CPU
		{F320B322-189E-4503-8B6C-1B88A5F00793}.Debug|Any CPU.ActiveCfg = Debug|Any CPU
		{F320B322-189E-4503-8B6C-1B88A5F00793}.Debug|Any CPU.Build.0 = Debug|Any CPU
		{F320B322-189E-4503-8B6C-1B88A5F00793}.Debug|ARM.ActiveCfg = Debug|Any CPU
		{F320B322-189E-4503-8B6C-1B88A5F00793}.Debug|ARM.Build.0 = Debug|Any CPU
		{F320B322-189E-4503-8B6C-1B88A5F00793}.Debug|x64.ActiveCfg = Debug|Any CPU
		{F320B322-189E-4503-8B6C-1B88A5F00793}.Debug|x64.Build.0 = Debug|Any CPU
		{F320B322-189E-4503-8B6C-1B88A5F00793}.Debug|x86.ActiveCfg = Debug|Any CPU
		{F320B322-189E-4503-8B6C-1B88A5F00793}.Debug|x86.Build.0 = Debug|Any CPU
		{F320B322-189E-4503-8B6C-1B88A5F00793}.Release|Any CPU.ActiveCfg = Release|Any CPU
		{F320B322-189E-4503-8B6C-1B88A5F00793}.Release|Any CPU.Build.0 = Release|Any CPU
		{F320B322-189E-4503-8B6C-1B88A5F00793}.Release|ARM.ActiveCfg = Release|Any CPU
		{F320B322-189E-4503-8B6C-1B88A5F00793}.Release|ARM.Build.0 = Release|Any CPU
		{F320B322-189E-4503-8B6C-1B88A5F00793}.Release|x64.ActiveCfg = Release|Any CPU
		{F320B322-189E-4503-8B6C-1B88A5F00793}.Release|x64.Build.0 = Release|Any CPU
		{F320B322-189E-4503-8B6C-1B88A5F00793}.Release|x86.ActiveCfg = Release|Any CPU
		{F320B322-189E-4503-8B6C-1B88A5F00793}.Release|x86.Build.0 = Release|Any CPU
		{BF7BC53E-9E6C-4795-BBC6-016FFBBE98C5}.Debug|Any CPU.ActiveCfg = Debug|Any CPU
		{BF7BC53E-9E6C-4795-BBC6-016FFBBE98C5}.Debug|Any CPU.Build.0 = Debug|Any CPU
		{BF7BC53E-9E6C-4795-BBC6-016FFBBE98C5}.Debug|ARM.ActiveCfg = Debug|Any CPU
		{BF7BC53E-9E6C-4795-BBC6-016FFBBE98C5}.Debug|ARM.Build.0 = Debug|Any CPU
		{BF7BC53E-9E6C-4795-BBC6-016FFBBE98C5}.Debug|x64.ActiveCfg = Debug|Any CPU
		{BF7BC53E-9E6C-4795-BBC6-016FFBBE98C5}.Debug|x64.Build.0 = Debug|Any CPU
		{BF7BC53E-9E6C-4795-BBC6-016FFBBE98C5}.Debug|x86.ActiveCfg = Debug|Any CPU
		{BF7BC53E-9E6C-4795-BBC6-016FFBBE98C5}.Debug|x86.Build.0 = Debug|Any CPU
		{BF7BC53E-9E6C-4795-BBC6-016FFBBE98C5}.Release|Any CPU.ActiveCfg = Release|Any CPU
		{BF7BC53E-9E6C-4795-BBC6-016FFBBE98C5}.Release|Any CPU.Build.0 = Release|Any CPU
		{BF7BC53E-9E6C-4795-BBC6-016FFBBE98C5}.Release|ARM.ActiveCfg = Release|Any CPU
		{BF7BC53E-9E6C-4795-BBC6-016FFBBE98C5}.Release|ARM.Build.0 = Release|Any CPU
		{BF7BC53E-9E6C-4795-BBC6-016FFBBE98C5}.Release|x64.ActiveCfg = Release|Any CPU
		{BF7BC53E-9E6C-4795-BBC6-016FFBBE98C5}.Release|x64.Build.0 = Release|Any CPU
		{BF7BC53E-9E6C-4795-BBC6-016FFBBE98C5}.Release|x86.ActiveCfg = Release|Any CPU
		{BF7BC53E-9E6C-4795-BBC6-016FFBBE98C5}.Release|x86.Build.0 = Release|Any CPU
	EndGlobalSection
	GlobalSection(SolutionProperties) = preSolution
		HideSolutionNode = FALSE
	EndGlobalSection
EndGlobal
