
Microsoft Visual Studio Solution File, Format Version 12.00
# Visual Studio 2013
VisualStudioVersion = 12.0.31101.0
MinimumVisualStudioVersion = 10.0.40219.1
Project("{FAE04EC0-301F-11D3-BF4B-00C04F79EFBC}") = "Complexity", "Complexity\Complexity.csproj", "{FB5ED8F5-E24E-449E-9526-711CDB7E61D1}"
EndProject
Project("{FAE04EC0-301F-11D3-BF4B-00C04F79EFBC}") = "BinarySearchExample", "BinarySearchExample\BinarySearchExample.csproj", "{DCE0F12A-553E-40F3-854E-6B501CCB43A0}"
EndProject
Project("{FAE04EC0-301F-11D3-BF4B-00C04F79EFBC}") = "SelectionSort", "SelectionSort\SelectionSort.csproj", "{AEFB78F2-9533-4CC0-8827-D640CC76C1FB}"
EndProject
Project("{FAE04EC0-301F-11D3-BF4B-00C04F79EFBC}") = "QuickSort", "QuickSort\QuickSort.csproj", "{E5BE81FC-71EA-45FE-9B4A-A288730072DE}"
EndProject
Global
	GlobalSection(SolutionConfigurationPlatforms) = preSolution
		Debug|Any CPU = Debug|Any CPU
		Debug|ARM = Debug|ARM
		Debug|x64 = Debug|x64
		Debug|x86 = Debug|x86
		Release|Any CPU = Release|Any CPU
		Release|ARM = Release|ARM
		Release|x64 = Release|x64
		Release|x86 = Release|x86
	EndGlobalSection
	GlobalSection(ProjectConfigurationPlatforms) = postSolution
		{FB5ED8F5-E24E-449E-9526-711CDB7E61D1}.Debug|Any CPU.ActiveCfg = Debug|Any CPU
		{FB5ED8F5-E24E-449E-9526-711CDB7E61D1}.Debug|Any CPU.Build.0 = Debug|Any CPU
		{FB5ED8F5-E24E-449E-9526-711CDB7E61D1}.Debug|ARM.ActiveCfg = Debug|Any CPU
		{FB5ED8F5-E24E-449E-9526-711CDB7E61D1}.Debug|x64.ActiveCfg = Debug|Any CPU
		{FB5ED8F5-E24E-449E-9526-711CDB7E61D1}.Debug|x86.ActiveCfg = Debug|Any CPU
		{FB5ED8F5-E24E-449E-9526-711CDB7E61D1}.Release|Any CPU.ActiveCfg = Release|Any CPU
		{FB5ED8F5-E24E-449E-9526-711CDB7E61D1}.Release|Any CPU.Build.0 = Release|Any CPU
		{FB5ED8F5-E24E-449E-9526-711CDB7E61D1}.Release|ARM.ActiveCfg = Release|Any CPU
		{FB5ED8F5-E24E-449E-9526-711CDB7E61D1}.Release|x64.ActiveCfg = Release|Any CPU
		{FB5ED8F5-E24E-449E-9526-711CDB7E61D1}.Release|x86.ActiveCfg = Release|Any CPU
		{DCE0F12A-553E-40F3-854E-6B501CCB43A0}.Debug|Any CPU.ActiveCfg = Debug|Any CPU
		{DCE0F12A-553E-40F3-854E-6B501CCB43A0}.Debug|Any CPU.Build.0 = Debug|Any CPU
		{DCE0F12A-553E-40F3-854E-6B501CCB43A0}.Debug|ARM.ActiveCfg = Debug|Any CPU
		{DCE0F12A-553E-40F3-854E-6B501CCB43A0}.Debug|x64.ActiveCfg = Debug|Any CPU
		{DCE0F12A-553E-40F3-854E-6B501CCB43A0}.Debug|x86.ActiveCfg = Debug|Any CPU
		{DCE0F12A-553E-40F3-854E-6B501CCB43A0}.Release|Any CPU.ActiveCfg = Release|Any CPU
		{DCE0F12A-553E-40F3-854E-6B501CCB43A0}.Release|Any CPU.Build.0 = Release|Any CPU
		{DCE0F12A-553E-40F3-854E-6B501CCB43A0}.Release|ARM.ActiveCfg = Release|Any CPU
		{DCE0F12A-553E-40F3-854E-6B501CCB43A0}.Release|x64.ActiveCfg = Release|Any CPU
		{DCE0F12A-553E-40F3-854E-6B501CCB43A0}.Release|x86.ActiveCfg = Release|Any CPU
		{AEFB78F2-9533-4CC0-8827-D640CC76C1FB}.Debug|Any CPU.ActiveCfg = Debug|Any CPU
		{AEFB78F2-9533-4CC0-8827-D640CC76C1FB}.Debug|Any CPU.Build.0 = Debug|Any CPU
		{AEFB78F2-9533-4CC0-8827-D640CC76C1FB}.Debug|ARM.ActiveCfg = Debug|Any CPU
		{AEFB78F2-9533-4CC0-8827-D640CC76C1FB}.Debug|x64.ActiveCfg = Debug|Any CPU
		{AEFB78F2-9533-4CC0-8827-D640CC76C1FB}.Debug|x86.ActiveCfg = Debug|Any CPU
		{AEFB78F2-9533-4CC0-8827-D640CC76C1FB}.Release|Any CPU.ActiveCfg = Release|Any CPU
		{AEFB78F2-9533-4CC0-8827-D640CC76C1FB}.Release|Any CPU.Build.0 = Release|Any CPU
		{AEFB78F2-9533-4CC0-8827-D640CC76C1FB}.Release|ARM.ActiveCfg = Release|Any CPU
		{AEFB78F2-9533-4CC0-8827-D640CC76C1FB}.Release|x64.ActiveCfg = Release|Any CPU
		{AEFB78F2-9533-4CC0-8827-D640CC76C1FB}.Release|x86.ActiveCfg = Release|Any CPU
		{E5BE81FC-71EA-45FE-9B4A-A288730072DE}.Debug|Any CPU.ActiveCfg = Debug|Any CPU
		{E5BE81FC-71EA-45FE-9B4A-A288730072DE}.Debug|Any CPU.Build.0 = Debug|Any CPU
		{E5BE81FC-71EA-45FE-9B4A-A288730072DE}.Debug|ARM.ActiveCfg = Debug|Any CPU
		{E5BE81FC-71EA-45FE-9B4A-A288730072DE}.Debug|x64.ActiveCfg = Debug|Any CPU
		{E5BE81FC-71EA-45FE-9B4A-A288730072DE}.Debug|x86.ActiveCfg = Debug|Any CPU
		{E5BE81FC-71EA-45FE-9B4A-A288730072DE}.Release|Any CPU.ActiveCfg = Release|Any CPU
		{E5BE81FC-71EA-45FE-9B4A-A288730072DE}.Release|Any CPU.Build.0 = Release|Any CPU
		{E5BE81FC-71EA-45FE-9B4A-A288730072DE}.Release|ARM.ActiveCfg = Release|Any CPU
		{E5BE81FC-71EA-45FE-9B4A-A288730072DE}.Release|x64.ActiveCfg = Release|Any CPU
		{E5BE81FC-71EA-45FE-9B4A-A288730072DE}.Release|x86.ActiveCfg = Release|Any CPU
	EndGlobalSection
	GlobalSection(SolutionProperties) = preSolution
		HideSolutionNode = FALSE
	EndGlobalSection
EndGlobal
